
Microsoft Visual Studio Solution File, Format Version 12.00
# Visual Studio Version 17
VisualStudioVersion = 17.5.33424.131
MinimumVisualStudioVersion = 10.0.40219.1
Project("{FAE04EC0-301F-11D3-BF4B-00C04F79EFBC}") = "Lab01", "Lab01\Lab01.csproj", "{1AC61E5E-941F-49B2-9CC9-B9B8D2D97A43}"
EndProject
Global
	GlobalSection(SolutionConfigurationPlatforms) = preSolution
		Debug|Any CPU = Debug|Any CPU
		Release|Any CPU = Release|Any CPU
	EndGlobalSection
	GlobalSection(ProjectConfigurationPlatforms) = postSolution
		{1AC61E5E-941F-49B2-9CC9-B9B8D2D97A43}.Debug|Any CPU.ActiveCfg = Debug|Any CPU
		{1AC61E5E-941F-49B2-9CC9-B9B8D2D97A43}.Debug|Any CPU.Build.0 = Debug|Any CPU
		{1AC61E5E-941F-49B2-9CC9-B9B8D2D97A43}.Release|Any CPU.ActiveCfg = Release|Any CPU
		{1AC61E5E-941F-49B2-9CC9-B9B8D2D97A43}.Release|Any CPU.Build.0 = Release|Any CPU
	EndGlobalSection
	GlobalSection(SolutionProperties) = preSolution
		HideSolutionNode = FALSE
	EndGlobalSection
	GlobalSection(ExtensibilityGlobals) = postSolution
		SolutionGuid = {AC961C5B-F71C-46DF-97E4-F92A35E1B3B1}
	EndGlobalSection
EndGlobal
